
Microsoft Visual Studio Solution File, Format Version 12.00
# Visual Studio Version 16
VisualStudioVersion = 16.0.30330.147
MinimumVisualStudioVersion = 10.0.40219.1
Project("{FAE04EC0-301F-11D3-BF4B-00C04F79EFBC}") = "PasswordManager", "PasswordManager\PasswordManager.csproj", "{A7C9C77B-262E-4F4E-804D-683D34507971}"
EndProject
Global
	GlobalSection(SolutionConfigurationPlatforms) = preSolution
		Debug|Any CPU = Debug|Any CPU
		Release|Any CPU = Release|Any CPU
	EndGlobalSection
	GlobalSection(ProjectConfigurationPlatforms) = postSolution
		{A7C9C77B-262E-4F4E-804D-683D34507971}.Debug|Any CPU.ActiveCfg = Debug|Any CPU
		{A7C9C77B-262E-4F4E-804D-683D34507971}.Debug|Any CPU.Build.0 = Debug|Any CPU
		{A7C9C77B-262E-4F4E-804D-683D34507971}.Release|Any CPU.ActiveCfg = Release|Any CPU
		{A7C9C77B-262E-4F4E-804D-683D34507971}.Release|Any CPU.Build.0 = Release|Any CPU
	EndGlobalSection
	GlobalSection(SolutionProperties) = preSolution
		HideSolutionNode = FALSE
	EndGlobalSection
	GlobalSection(ExtensibilityGlobals) = postSolution
		SolutionGuid = {999ED3B0-6900-4571-B2A0-4F487F1EDCD1}
	EndGlobalSection
EndGlobal
